// !$*UTF8*$!
{
	archiveVersion = 1;
	classes = {
	};
	objectVersion = 46;
	objects = {

/* Begin PBXBuildFile section */
		F7E0B2FC1B53B49C00C42BFC /* main.m in Sources */ = {isa = PBXBuildFile; fileRef = F7E0B2FB1B53B49C00C42BFC /* main.m */; };
		F7E0B2FF1B53B49C00C42BFC /* AppDelegate.m in Sources */ = {isa = PBXBuildFile; fileRef = F7E0B2FE1B53B49C00C42BFC /* AppDelegate.m */; };
		F7E0B3011B53B49C00C42BFC /* 项目界面-Prefix.pch in Resources */ = {isa = PBXBuildFile; fileRef = F7E0B3001B53B49C00C42BFC /* 项目界面-Prefix.pch */; };
		F7E0B3031B53B49C00C42BFC /* Images.xcassets in Resources */ = {isa = PBXBuildFile; fileRef = F7E0B3021B53B49C00C42BFC /* Images.xcassets */; };
		F7E0B3061B53B49C00C42BFC /* LaunchScreen.xib in Resources */ = {isa = PBXBuildFile; fileRef = F7E0B3041B53B49C00C42BFC /* LaunchScreen.xib */; };
		F7E0B3121B53B49C00C42BFC /* ____Tests.m in Sources */ = {isa = PBXBuildFile; fileRef = F7E0B3111B53B49C00C42BFC /* ____Tests.m */; };
		F7E0B31D1B53B66C00C42BFC /* GameViewController.m in Sources */ = {isa = PBXBuildFile; fileRef = F7E0B31C1B53B66C00C42BFC /* GameViewController.m */; };
		F7E0B3201B53BBD900C42BFC /* GameTableViewCell.m in Sources */ = {isa = PBXBuildFile; fileRef = F7E0B31F1B53BBD900C42BFC /* GameTableViewCell.m */; };
		F7E0B3231B53C0E800C42BFC /* Model.m in Sources */ = {isa = PBXBuildFile; fileRef = F7E0B3221B53C0E800C42BFC /* Model.m */; };
		F7E0B3261B53D17300C42BFC /* GameMessage.m in Sources */ = {isa = PBXBuildFile; fileRef = F7E0B3251B53D17300C42BFC /* GameMessage.m */; };
		F7E0B3491B53F49B00C42BFC /* MKAnnotationView+WebCache.m in Sources */ = {isa = PBXBuildFile; fileRef = F7E0B3291B53F49B00C42BFC /* MKAnnotationView+WebCache.m */; settings = {COMPILER_FLAGS = "-fobjc-arc"; }; };
		F7E0B34A1B53F49B00C42BFC /* NSData+ImageContentType.m in Sources */ = {isa = PBXBuildFile; fileRef = F7E0B32B1B53F49B00C42BFC /* NSData+ImageContentType.m */; settings = {COMPILER_FLAGS = "-fobjc-arc"; }; };
		F7E0B34B1B53F49B00C42BFC /* SDImageCache.m in Sources */ = {isa = PBXBuildFile; fileRef = F7E0B32D1B53F49B00C42BFC /* SDImageCache.m */; settings = {COMPILER_FLAGS = "-fobjc-arc"; }; };
		F7E0B34C1B53F49B00C42BFC /* SDWebImageCompat.m in Sources */ = {isa = PBXBuildFile; fileRef = F7E0B32F1B53F49B00C42BFC /* SDWebImageCompat.m */; settings = {COMPILER_FLAGS = "-fobjc-arc"; }; };
		F7E0B34D1B53F49B00C42BFC /* SDWebImageDecoder.m in Sources */ = {isa = PBXBuildFile; fileRef = F7E0B3311B53F49B00C42BFC /* SDWebImageDecoder.m */; settings = {COMPILER_FLAGS = "-fobjc-arc"; }; };
		F7E0B34E1B53F49B00C42BFC /* SDWebImageDownloader.m in Sources */ = {isa = PBXBuildFile; fileRef = F7E0B3331B53F49B00C42BFC /* SDWebImageDownloader.m */; settings = {COMPILER_FLAGS = "-fobjc-arc"; }; };
		F7E0B34F1B53F49B00C42BFC /* SDWebImageDownloaderOperation.m in Sources */ = {isa = PBXBuildFile; fileRef = F7E0B3351B53F49B00C42BFC /* SDWebImageDownloaderOperation.m */; settings = {COMPILER_FLAGS = "-fobjc-arc"; }; };
		F7E0B3501B53F49B00C42BFC /* SDWebImageManager.m in Sources */ = {isa = PBXBuildFile; fileRef = F7E0B3371B53F49B00C42BFC /* SDWebImageManager.m */; settings = {COMPILER_FLAGS = "-fobjc-arc"; }; };
		F7E0B3511B53F49B00C42BFC /* SDWebImagePrefetcher.m in Sources */ = {isa = PBXBuildFile; fileRef = F7E0B33A1B53F49B00C42BFC /* SDWebImagePrefetcher.m */; settings = {COMPILER_FLAGS = "-fobjc-arc"; }; };
		F7E0B3521B53F49B00C42BFC /* UIButton+WebCache.m in Sources */ = {isa = PBXBuildFile; fileRef = F7E0B33C1B53F49B00C42BFC /* UIButton+WebCache.m */; settings = {COMPILER_FLAGS = "-fobjc-arc"; }; };
		F7E0B3531B53F49B00C42BFC /* UIImage+GIF.m in Sources */ = {isa = PBXBuildFile; fileRef = F7E0B33E1B53F49B00C42BFC /* UIImage+GIF.m */; settings = {COMPILER_FLAGS = "-fobjc-arc"; }; };
		F7E0B3541B53F49B00C42BFC /* UIImage+MultiFormat.m in Sources */ = {isa = PBXBuildFile; fileRef = F7E0B3401B53F49B00C42BFC /* UIImage+MultiFormat.m */; settings = {COMPILER_FLAGS = "-fobjc-arc"; }; };
		F7E0B3551B53F49B00C42BFC /* UIImage+WebP.m in Sources */ = {isa = PBXBuildFile; fileRef = F7E0B3421B53F49B00C42BFC /* UIImage+WebP.m */; settings = {COMPILER_FLAGS = "-fobjc-arc"; }; };
		F7E0B3561B53F49B00C42BFC /* UIImageView+HighlightedWebCache.m in Sources */ = {isa = PBXBuildFile; fileRef = F7E0B3441B53F49B00C42BFC /* UIImageView+HighlightedWebCache.m */; settings = {COMPILER_FLAGS = "-fobjc-arc"; }; };
		F7E0B3571B53F49B00C42BFC /* UIImageView+WebCache.m in Sources */ = {isa = PBXBuildFile; fileRef = F7E0B3461B53F49B00C42BFC /* UIImageView+WebCache.m */; settings = {COMPILER_FLAGS = "-fobjc-arc"; }; };
		F7E0B3581B53F49B00C42BFC /* UIView+WebCacheOperation.m in Sources */ = {isa = PBXBuildFile; fileRef = F7E0B3481B53F49B00C42BFC /* UIView+WebCacheOperation.m */; settings = {COMPILER_FLAGS = "-fobjc-arc"; }; };
		F7E0B35B1B5494C700C42BFC /* GameTableViewCell2.m in Sources */ = {isa = PBXBuildFile; fileRef = F7E0B35A1B5494C700C42BFC /* GameTableViewCell2.m */; };
		F7E0B3711B55108000C42BFC /* GameDetailViewController.m in Sources */ = {isa = PBXBuildFile; fileRef = F7E0B3701B55108000C42BFC /* GameDetailViewController.m */; };
		F7E0B3751B555D4500C42BFC /* Model2.m in Sources */ = {isa = PBXBuildFile; fileRef = F7E0B3741B555D4500C42BFC /* Model2.m */; };
/* End PBXBuildFile section */

/* Begin PBXContainerItemProxy section */
		F7E0B30C1B53B49C00C42BFC /* PBXContainerItemProxy */ = {
			isa = PBXContainerItemProxy;
			containerPortal = F7E0B2EE1B53B49C00C42BFC /* Project object */;
			proxyType = 1;
			remoteGlobalIDString = F7E0B2F51B53B49C00C42BFC;
			remoteInfo = "项目界面";
		};
/* End PBXContainerItemProxy section */

/* Begin PBXFileReference section */
		F7E0B2F61B53B49C00C42BFC /* 项目界面.app */ = {isa = PBXFileReference; explicitFileType = wrapper.application; includeInIndex = 0; path = "项目界面.app"; sourceTree = BUILT_PRODUCTS_DIR; };
		F7E0B2FA1B53B49C00C42BFC /* Info.plist */ = {isa = PBXFileReference; lastKnownFileType = text.plist.xml; path = Info.plist; sourceTree = "<group>"; };
		F7E0B2FB1B53B49C00C42BFC /* main.m */ = {isa = PBXFileReference; lastKnownFileType = sourcecode.c.objc; path = main.m; sourceTree = "<group>"; };
		F7E0B2FD1B53B49C00C42BFC /* AppDelegate.h */ = {isa = PBXFileReference; lastKnownFileType = sourcecode.c.h; path = AppDelegate.h; sourceTree = "<group>"; };
		F7E0B2FE1B53B49C00C42BFC /* AppDelegate.m */ = {isa = PBXFileReference; lastKnownFileType = sourcecode.c.objc; path = AppDelegate.m; sourceTree = "<group>"; };
		F7E0B3001B53B49C00C42BFC /* 项目界面-Prefix.pch */ = {isa = PBXFileReference; lastKnownFileType = sourcecode.c.h; path = "项目界面-Prefix.pch"; sourceTree = "<group>"; };
		F7E0B3021B53B49C00C42BFC /* Images.xcassets */ = {isa = PBXFileReference; lastKnownFileType = folder.assetcatalog; path = Images.xcassets; sourceTree = "<group>"; };
		F7E0B3051B53B49C00C42BFC /* Base */ = {isa = PBXFileReference; lastKnownFileType = file.xib; name = Base; path = Base.lproj/LaunchScreen.xib; sourceTree = "<group>"; };
		F7E0B30B1B53B49C00C42BFC /* 项目界面Tests.xctest */ = {isa = PBXFileReference; explicitFileType = wrapper.cfbundle; includeInIndex = 0; path = "项目界面Tests.xctest"; sourceTree = BUILT_PRODUCTS_DIR; };
		F7E0B3101B53B49C00C42BFC /* Info.plist */ = {isa = PBXFileReference; lastKnownFileType = text.plist.xml; path = Info.plist; sourceTree = "<group>"; };
		F7E0B3111B53B49C00C42BFC /* ____Tests.m */ = {isa = PBXFileReference; lastKnownFileType = sourcecode.c.objc; path = "____Tests.m"; sourceTree = "<group>"; };
		F7E0B31B1B53B66C00C42BFC /* GameViewController.h */ = {isa = PBXFileReference; fileEncoding = 4; lastKnownFileType = sourcecode.c.h; path = GameViewController.h; sourceTree = "<group>"; };
		F7E0B31C1B53B66C00C42BFC /* GameViewController.m */ = {isa = PBXFileReference; fileEncoding = 4; lastKnownFileType = sourcecode.c.objc; path = GameViewController.m; sourceTree = "<group>"; };
		F7E0B31E1B53BBD900C42BFC /* GameTableViewCell.h */ = {isa = PBXFileReference; fileEncoding = 4; lastKnownFileType = sourcecode.c.h; path = GameTableViewCell.h; sourceTree = "<group>"; };
		F7E0B31F1B53BBD900C42BFC /* GameTableViewCell.m */ = {isa = PBXFileReference; fileEncoding = 4; lastKnownFileType = sourcecode.c.objc; path = GameTableViewCell.m; sourceTree = "<group>"; };
		F7E0B3211B53C0E800C42BFC /* Model.h */ = {isa = PBXFileReference; fileEncoding = 4; lastKnownFileType = sourcecode.c.h; path = Model.h; sourceTree = "<group>"; };
		F7E0B3221B53C0E800C42BFC /* Model.m */ = {isa = PBXFileReference; fileEncoding = 4; lastKnownFileType = sourcecode.c.objc; path = Model.m; sourceTree = "<group>"; };
		F7E0B3241B53D17300C42BFC /* GameMessage.h */ = {isa = PBXFileReference; fileEncoding = 4; lastKnownFileType = sourcecode.c.h; path = GameMessage.h; sourceTree = "<group>"; };
		F7E0B3251B53D17300C42BFC /* GameMessage.m */ = {isa = PBXFileReference; fileEncoding = 4; lastKnownFileType = sourcecode.c.objc; path = GameMessage.m; sourceTree = "<group>"; };
		F7E0B3281B53F49B00C42BFC /* MKAnnotationView+WebCache.h */ = {isa = PBXFileReference; fileEncoding = 4; lastKnownFileType = sourcecode.c.h; path = "MKAnnotationView+WebCache.h"; sourceTree = "<group>"; };
		F7E0B3291B53F49B00C42BFC /* MKAnnotationView+WebCache.m */ = {isa = PBXFileReference; fileEncoding = 4; lastKnownFileType = sourcecode.c.objc; path = "MKAnnotationView+WebCache.m"; sourceTree = "<group>"; };
		F7E0B32A1B53F49B00C42BFC /* NSData+ImageContentType.h */ = {isa = PBXFileReference; fileEncoding = 4; lastKnownFileType = sourcecode.c.h; path = "NSData+ImageContentType.h"; sourceTree = "<group>"; };
		F7E0B32B1B53F49B00C42BFC /* NSData+ImageContentType.m */ = {isa = PBXFileReference; fileEncoding = 4; lastKnownFileType = sourcecode.c.objc; path = "NSData+ImageContentType.m"; sourceTree = "<group>"; };
		F7E0B32C1B53F49B00C42BFC /* SDImageCache.h */ = {isa = PBXFileReference; fileEncoding = 4; lastKnownFileType = sourcecode.c.h; path = SDImageCache.h; sourceTree = "<group>"; };
		F7E0B32D1B53F49B00C42BFC /* SDImageCache.m */ = {isa = PBXFileReference; fileEncoding = 4; lastKnownFileType = sourcecode.c.objc; path = SDImageCache.m; sourceTree = "<group>"; };
		F7E0B32E1B53F49B00C42BFC /* SDWebImageCompat.h */ = {isa = PBXFileReference; fileEncoding = 4; lastKnownFileType = sourcecode.c.h; path = SDWebImageCompat.h; sourceTree = "<group>"; };
		F7E0B32F1B53F49B00C42BFC /* SDWebImageCompat.m */ = {isa = PBXFileReference; fileEncoding = 4; lastKnownFileType = sourcecode.c.objc; path = SDWebImageCompat.m; sourceTree = "<group>"; };
		F7E0B3301B53F49B00C42BFC /* SDWebImageDecoder.h */ = {isa = PBXFileReference; fileEncoding = 4; lastKnownFileType = sourcecode.c.h; path = SDWebImageDecoder.h; sourceTree = "<group>"; };
		F7E0B3311B53F49B00C42BFC /* SDWebImageDecoder.m */ = {isa = PBXFileReference; fileEncoding = 4; lastKnownFileType = sourcecode.c.objc; path = SDWebImageDecoder.m; sourceTree = "<group>"; };
		F7E0B3321B53F49B00C42BFC /* SDWebImageDownloader.h */ = {isa = PBXFileReference; fileEncoding = 4; lastKnownFileType = sourcecode.c.h; path = SDWebImageDownloader.h; sourceTree = "<group>"; };
		F7E0B3331B53F49B00C42BFC /* SDWebImageDownloader.m */ = {isa = PBXFileReference; fileEncoding = 4; lastKnownFileType = sourcecode.c.objc; path = SDWebImageDownloader.m; sourceTree = "<group>"; };
		F7E0B3341B53F49B00C42BFC /* SDWebImageDownloaderOperation.h */ = {isa = PBXFileReference; fileEncoding = 4; lastKnownFileType = sourcecode.c.h; path = SDWebImageDownloaderOperation.h; sourceTree = "<group>"; };
		F7E0B3351B53F49B00C42BFC /* SDWebImageDownloaderOperation.m */ = {isa = PBXFileReference; fileEncoding = 4; lastKnownFileType = sourcecode.c.objc; path = SDWebImageDownloaderOperation.m; sourceTree = "<group>"; };
		F7E0B3361B53F49B00C42BFC /* SDWebImageManager.h */ = {isa = PBXFileReference; fileEncoding = 4; lastKnownFileType = sourcecode.c.h; path = SDWebImageManager.h; sourceTree = "<group>"; };
		F7E0B3371B53F49B00C42BFC /* SDWebImageManager.m */ = {isa = PBXFileReference; fileEncoding = 4; lastKnownFileType = sourcecode.c.objc; path = SDWebImageManager.m; sourceTree = "<group>"; };
		F7E0B3381B53F49B00C42BFC /* SDWebImageOperation.h */ = {isa = PBXFileReference; fileEncoding = 4; lastKnownFileType = sourcecode.c.h; path = SDWebImageOperation.h; sourceTree = "<group>"; };
		F7E0B3391B53F49B00C42BFC /* SDWebImagePrefetcher.h */ = {isa = PBXFileReference; fileEncoding = 4; lastKnownFileType = sourcecode.c.h; path = SDWebImagePrefetcher.h; sourceTree = "<group>"; };
		F7E0B33A1B53F49B00C42BFC /* SDWebImagePrefetcher.m */ = {isa = PBXFileReference; fileEncoding = 4; lastKnownFileType = sourcecode.c.objc; path = SDWebImagePrefetcher.m; sourceTree = "<group>"; };
		F7E0B33B1B53F49B00C42BFC /* UIButton+WebCache.h */ = {isa = PBXFileReference; fileEncoding = 4; lastKnownFileType = sourcecode.c.h; path = "UIButton+WebCache.h"; sourceTree = "<group>"; };
		F7E0B33C1B53F49B00C42BFC /* UIButton+WebCache.m */ = {isa = PBXFileReference; fileEncoding = 4; lastKnownFileType = sourcecode.c.objc; path = "UIButton+WebCache.m"; sourceTree = "<group>"; };
		F7E0B33D1B53F49B00C42BFC /* UIImage+GIF.h */ = {isa = PBXFileReference; fileEncoding = 4; lastKnownFileType = sourcecode.c.h; path = "UIImage+GIF.h"; sourceTree = "<group>"; };
		F7E0B33E1B53F49B00C42BFC /* UIImage+GIF.m */ = {isa = PBXFileReference; fileEncoding = 4; lastKnownFileType = sourcecode.c.objc; path = "UIImage+GIF.m"; sourceTree = "<group>"; };
		F7E0B33F1B53F49B00C42BFC /* UIImage+MultiFormat.h */ = {isa = PBXFileReference; fileEncoding = 4; lastKnownFileType = sourcecode.c.h; path = "UIImage+MultiFormat.h"; sourceTree = "<group>"; };
		F7E0B3401B53F49B00C42BFC /* UIImage+MultiFormat.m */ = {isa = PBXFileReference; fileEncoding = 4; lastKnownFileType = sourcecode.c.objc; path = "UIImage+MultiFormat.m"; sourceTree = "<group>"; };
		F7E0B3411B53F49B00C42BFC /* UIImage+WebP.h */ = {isa = PBXFileReference; fileEncoding = 4; lastKnownFileType = sourcecode.c.h; path = "UIImage+WebP.h"; sourceTree = "<group>"; };
		F7E0B3421B53F49B00C42BFC /* UIImage+WebP.m */ = {isa = PBXFileReference; fileEncoding = 4; lastKnownFileType = sourcecode.c.objc; path = "UIImage+WebP.m"; sourceTree = "<group>"; };
		F7E0B3431B53F49B00C42BFC /* UIImageView+HighlightedWebCache.h */ = {isa = PBXFileReference; fileEncoding = 4; lastKnownFileType = sourcecode.c.h; path = "UIImageView+HighlightedWebCache.h"; sourceTree = "<group>"; };
		F7E0B3441B53F49B00C42BFC /* UIImageView+HighlightedWebCache.m */ = {isa = PBXFileReference; fileEncoding = 4; lastKnownFileType = sourcecode.c.objc; path = "UIImageView+HighlightedWebCache.m"; sourceTree = "<group>"; };
		F7E0B3451B53F49B00C42BFC /* UIImageView+WebCache.h */ = {isa = PBXFileReference; fileEncoding = 4; lastKnownFileType = sourcecode.c.h; path = "UIImageView+WebCache.h"; sourceTree = "<group>"; };
		F7E0B3461B53F49B00C42BFC /* UIImageView+WebCache.m */ = {isa = PBXFileReference; fileEncoding = 4; lastKnownFileType = sourcecode.c.objc; path = "UIImageView+WebCache.m"; sourceTree = "<group>"; };
		F7E0B3471B53F49B00C42BFC /* UIView+WebCacheOperation.h */ = {isa = PBXFileReference; fileEncoding = 4; lastKnownFileType = sourcecode.c.h; path = "UIView+WebCacheOperation.h"; sourceTree = "<group>"; };
		F7E0B3481B53F49B00C42BFC /* UIView+WebCacheOperation.m */ = {isa = PBXFileReference; fileEncoding = 4; lastKnownFileType = sourcecode.c.objc; path = "UIView+WebCacheOperation.m"; sourceTree = "<group>"; };
		F7E0B3591B5494C700C42BFC /* GameTableViewCell2.h */ = {isa = PBXFileReference; fileEncoding = 4; lastKnownFileType = sourcecode.c.h; path = GameTableViewCell2.h; sourceTree = "<group>"; };
		F7E0B35A1B5494C700C42BFC /* GameTableViewCell2.m */ = {isa = PBXFileReference; fileEncoding = 4; lastKnownFileType = sourcecode.c.objc; path = GameTableViewCell2.m; sourceTree = "<group>"; };
		F7E0B36F1B55108000C42BFC /* GameDetailViewController.h */ = {isa = PBXFileReference; fileEncoding = 4; lastKnownFileType = sourcecode.c.h; path = GameDetailViewController.h; sourceTree = "<group>"; };
		F7E0B3701B55108000C42BFC /* GameDetailViewController.m */ = {isa = PBXFileReference; fileEncoding = 4; lastKnownFileType = sourcecode.c.objc; path = GameDetailViewController.m; sourceTree = "<group>"; };
		F7E0B3731B555D4500C42BFC /* Model2.h */ = {isa = PBXFileReference; fileEncoding = 4; lastKnownFileType = sourcecode.c.h; path = Model2.h; sourceTree = "<group>"; };
		F7E0B3741B555D4500C42BFC /* Model2.m */ = {isa = PBXFileReference; fileEncoding = 4; lastKnownFileType = sourcecode.c.objc; path = Model2.m; sourceTree = "<group>"; };
/* End PBXFileReference section */

/* Begin PBXFrameworksBuildPhase section */
		F7E0B2F31B53B49C00C42BFC /* Frameworks */ = {
			isa = PBXFrameworksBuildPhase;
			buildActionMask = 2147483647;
			files = (
			);
			runOnlyForDeploymentPostprocessing = 0;
		};
		F7E0B3081B53B49C00C42BFC /* Frameworks */ = {
			isa = PBXFrameworksBuildPhase;
			buildActionMask = 2147483647;
			files = (
			);
			runOnlyForDeploymentPostprocessing = 0;
		};
/* End PBXFrameworksBuildPhase section */

/* Begin PBXGroup section */
		F7E0B2ED1B53B49C00C42BFC = {
			isa = PBXGroup;
			children = (
				F7E0B2F81B53B49C00C42BFC /* 项目界面 */,
				F7E0B30E1B53B49C00C42BFC /* 项目界面Tests */,
				F7E0B2F71B53B49C00C42BFC /* Products */,
			);
			sourceTree = "<group>";
		};
		F7E0B2F71B53B49C00C42BFC /* Products */ = {
			isa = PBXGroup;
			children = (
				F7E0B2F61B53B49C00C42BFC /* 项目界面.app */,
				F7E0B30B1B53B49C00C42BFC /* 项目界面Tests.xctest */,
			);
			name = Products;
			sourceTree = "<group>";
		};
		F7E0B2F81B53B49C00C42BFC /* 项目界面 */ = {
			isa = PBXGroup;
			children = (
				F7E0B2FD1B53B49C00C42BFC /* AppDelegate.h */,
				F7E0B2FE1B53B49C00C42BFC /* AppDelegate.m */,
				F7E0B31B1B53B66C00C42BFC /* GameViewController.h */,
				F7E0B31C1B53B66C00C42BFC /* GameViewController.m */,
				F7E0B36F1B55108000C42BFC /* GameDetailViewController.h */,
				F7E0B3701B55108000C42BFC /* GameDetailViewController.m */,
				F7E0B3241B53D17300C42BFC /* GameMessage.h */,
				F7E0B3251B53D17300C42BFC /* GameMessage.m */,
				F7E0B3211B53C0E800C42BFC /* Model.h */,
				F7E0B3221B53C0E800C42BFC /* Model.m */,
				F7E0B3731B555D4500C42BFC /* Model2.h */,
				F7E0B3741B555D4500C42BFC /* Model2.m */,
				F7E0B3721B55579300C42BFC /* 自定义cell */,
				F7E0B3271B53F49B00C42BFC /* SDWebImage  */,
				F7E0B3001B53B49C00C42BFC /* 项目界面-Prefix.pch */,
				F7E0B3021B53B49C00C42BFC /* Images.xcassets */,
				F7E0B3041B53B49C00C42BFC /* LaunchScreen.xib */,
				F7E0B2F91B53B49C00C42BFC /* Supporting Files */,
			);
			path = "项目界面";
			sourceTree = "<group>";
		};
		F7E0B2F91B53B49C00C42BFC /* Supporting Files */ = {
			isa = PBXGroup;
			children = (
				F7E0B2FA1B53B49C00C42BFC /* Info.plist */,
				F7E0B2FB1B53B49C00C42BFC /* main.m */,
			);
			name = "Supporting Files";
			sourceTree = "<group>";
		};
		F7E0B30E1B53B49C00C42BFC /* 项目界面Tests */ = {
			isa = PBXGroup;
			children = (
				F7E0B3111B53B49C00C42BFC /* ____Tests.m */,
				F7E0B30F1B53B49C00C42BFC /* Supporting Files */,
			);
			path = "项目界面Tests";
			sourceTree = "<group>";
		};
		F7E0B30F1B53B49C00C42BFC /* Supporting Files */ = {
			isa = PBXGroup;
			children = (
				F7E0B3101B53B49C00C42BFC /* Info.plist */,
			);
			name = "Supporting Files";
			sourceTree = "<group>";
		};
		F7E0B3271B53F49B00C42BFC /* SDWebImage  */ = {
			isa = PBXGroup;
			children = (
				F7E0B3281B53F49B00C42BFC /* MKAnnotationView+WebCache.h */,
				F7E0B3291B53F49B00C42BFC /* MKAnnotationView+WebCache.m */,
				F7E0B32A1B53F49B00C42BFC /* NSData+ImageContentType.h */,
				F7E0B32B1B53F49B00C42BFC /* NSData+ImageContentType.m */,
				F7E0B32C1B53F49B00C42BFC /* SDImageCache.h */,
				F7E0B32D1B53F49B00C42BFC /* SDImageCache.m */,
				F7E0B32E1B53F49B00C42BFC /* SDWebImageCompat.h */,
				F7E0B32F1B53F49B00C42BFC /* SDWebImageCompat.m */,
				F7E0B3301B53F49B00C42BFC /* SDWebImageDecoder.h */,
				F7E0B3311B53F49B00C42BFC /* SDWebImageDecoder.m */,
				F7E0B3321B53F49B00C42BFC /* SDWebImageDownloader.h */,
				F7E0B3331B53F49B00C42BFC /* SDWebImageDownloader.m */,
				F7E0B3341B53F49B00C42BFC /* SDWebImageDownloaderOperation.h */,
				F7E0B3351B53F49B00C42BFC /* SDWebImageDownloaderOperation.m */,
				F7E0B3361B53F49B00C42BFC /* SDWebImageManager.h */,
				F7E0B3371B53F49B00C42BFC /* SDWebImageManager.m */,
				F7E0B3381B53F49B00C42BFC /* SDWebImageOperation.h */,
				F7E0B3391B53F49B00C42BFC /* SDWebImagePrefetcher.h */,
				F7E0B33A1B53F49B00C42BFC /* SDWebImagePrefetcher.m */,
				F7E0B33B1B53F49B00C42BFC /* UIButton+WebCache.h */,
				F7E0B33C1B53F49B00C42BFC /* UIButton+WebCache.m */,
				F7E0B33D1B53F49B00C42BFC /* UIImage+GIF.h */,
				F7E0B33E1B53F49B00C42BFC /* UIImage+GIF.m */,
				F7E0B33F1B53F49B00C42BFC /* UIImage+MultiFormat.h */,
				F7E0B3401B53F49B00C42BFC /* UIImage+MultiFormat.m */,
				F7E0B3411B53F49B00C42BFC /* UIImage+WebP.h */,
				F7E0B3421B53F49B00C42BFC /* UIImage+WebP.m */,
				F7E0B3431B53F49B00C42BFC /* UIImageView+HighlightedWebCache.h */,
				F7E0B3441B53F49B00C42BFC /* UIImageView+HighlightedWebCache.m */,
				F7E0B3451B53F49B00C42BFC /* UIImageView+WebCache.h */,
				F7E0B3461B53F49B00C42BFC /* UIImageView+WebCache.m */,
				F7E0B3471B53F49B00C42BFC /* UIView+WebCacheOperation.h */,
				F7E0B3481B53F49B00C42BFC /* UIView+WebCacheOperation.m */,
			);
			path = "SDWebImage ";
			sourceTree = "<group>";
		};
		F7E0B3721B55579300C42BFC /* 自定义cell */ = {
			isa = PBXGroup;
			children = (
				F7E0B3591B5494C700C42BFC /* GameTableViewCell2.h */,
				F7E0B35A1B5494C700C42BFC /* GameTableViewCell2.m */,
				F7E0B31E1B53BBD900C42BFC /* GameTableViewCell.h */,
				F7E0B31F1B53BBD900C42BFC /* GameTableViewCell.m */,
			);
			name = "自定义cell";
			sourceTree = "<group>";
		};
/* End PBXGroup section */

/* Begin PBXNativeTarget section */
		F7E0B2F51B53B49C00C42BFC /* 项目界面 */ = {
			isa = PBXNativeTarget;
			buildConfigurationList = F7E0B3151B53B49C00C42BFC /* Build configuration list for PBXNativeTarget "项目界面" */;
			buildPhases = (
				F7E0B2F21B53B49C00C42BFC /* Sources */,
				F7E0B2F31B53B49C00C42BFC /* Frameworks */,
				F7E0B2F41B53B49C00C42BFC /* Resources */,
			);
			buildRules = (
			);
			dependencies = (
			);
			name = "项目界面";
			productName = "项目界面";
			productReference = F7E0B2F61B53B49C00C42BFC /* 项目界面.app */;
			productType = "com.apple.product-type.application";
		};
		F7E0B30A1B53B49C00C42BFC /* 项目界面Tests */ = {
			isa = PBXNativeTarget;
			buildConfigurationList = F7E0B3181B53B49C00C42BFC /* Build configuration list for PBXNativeTarget "项目界面Tests" */;
			buildPhases = (
				F7E0B3071B53B49C00C42BFC /* Sources */,
				F7E0B3081B53B49C00C42BFC /* Frameworks */,
				F7E0B3091B53B49C00C42BFC /* Resources */,
			);
			buildRules = (
			);
			dependencies = (
				F7E0B30D1B53B49C00C42BFC /* PBXTargetDependency */,
			);
			name = "项目界面Tests";
			productName = "项目界面Tests";
			productReference = F7E0B30B1B53B49C00C42BFC /* 项目界面Tests.xctest */;
			productType = "com.apple.product-type.bundle.unit-test";
		};
/* End PBXNativeTarget section */

/* Begin PBXProject section */
		F7E0B2EE1B53B49C00C42BFC /* Project object */ = {
			isa = PBXProject;
			attributes = {
				LastUpgradeCheck = 0640;
				ORGANIZATIONNAME = "邵垚";
				TargetAttributes = {
					F7E0B2F51B53B49C00C42BFC = {
						CreatedOnToolsVersion = 6.4;
					};
					F7E0B30A1B53B49C00C42BFC = {
						CreatedOnToolsVersion = 6.4;
						TestTargetID = F7E0B2F51B53B49C00C42BFC;
					};
				};
			};
			buildConfigurationList = F7E0B2F11B53B49C00C42BFC /* Build configuration list for PBXProject "项目界面" */;
			compatibilityVersion = "Xcode 3.2";
			developmentRegion = English;
			hasScannedForEncodings = 0;
			knownRegions = (
				en,
				Base,
			);
			mainGroup = F7E0B2ED1B53B49C00C42BFC;
			productRefGroup = F7E0B2F71B53B49C00C42BFC /* Products */;
			projectDirPath = "";
			projectRoot = "";
			targets = (
				F7E0B2F51B53B49C00C42BFC /* 项目界面 */,
				F7E0B30A1B53B49C00C42BFC /* 项目界面Tests */,
			);
		};
/* End PBXProject section */

/* Begin PBXResourcesBuildPhase section */
		F7E0B2F41B53B49C00C42BFC /* Resources */ = {
			isa = PBXResourcesBuildPhase;
			buildActionMask = 2147483647;
			files = (
				F7E0B3011B53B49C00C42BFC /* 项目界面-Prefix.pch in Resources */,
				F7E0B3061B53B49C00C42BFC /* LaunchScreen.xib in Resources */,
				F7E0B3031B53B49C00C42BFC /* Images.xcassets in Resources */,
			);
			runOnlyForDeploymentPostprocessing = 0;
		};
		F7E0B3091B53B49C00C42BFC /* Resources */ = {
			isa = PBXResourcesBuildPhase;
			buildActionMask = 2147483647;
			files = (
			);
			runOnlyForDeploymentPostprocessing = 0;
		};
/* End PBXResourcesBuildPhase section */

/* Begin PBXSourcesBuildPhase section */
		F7E0B2F21B53B49C00C42BFC /* Sources */ = {
			isa = PBXSourcesBuildPhase;
			buildActionMask = 2147483647;
			files = (
				F7E0B2FF1B53B49C00C42BFC /* AppDelegate.m in Sources */,
				F7E0B3501B53F49B00C42BFC /* SDWebImageManager.m in Sources */,
				F7E0B34B1B53F49B00C42BFC /* SDImageCache.m in Sources */,
				F7E0B34F1B53F49B00C42BFC /* SDWebImageDownloaderOperation.m in Sources */,
				F7E0B3581B53F49B00C42BFC /* UIView+WebCacheOperation.m in Sources */,
				F7E0B3261B53D17300C42BFC /* GameMessage.m in Sources */,
				F7E0B3521B53F49B00C42BFC /* UIButton+WebCache.m in Sources */,
				F7E0B34A1B53F49B00C42BFC /* NSData+ImageContentType.m in Sources */,
				F7E0B3511B53F49B00C42BFC /* SDWebImagePrefetcher.m in Sources */,
				F7E0B3711B55108000C42BFC /* GameDetailViewController.m in Sources */,
				F7E0B34E1B53F49B00C42BFC /* SDWebImageDownloader.m in Sources */,
				F7E0B31D1B53B66C00C42BFC /* GameViewController.m in Sources */,
				F7E0B3551B53F49B00C42BFC /* UIImage+WebP.m in Sources */,
				F7E0B3571B53F49B00C42BFC /* UIImageView+WebCache.m in Sources */,
				F7E0B34D1B53F49B00C42BFC /* SDWebImageDecoder.m in Sources */,
				F7E0B35B1B5494C700C42BFC /* GameTableViewCell2.m in Sources */,
				F7E0B2FC1B53B49C00C42BFC /* main.m in Sources */,
				F7E0B3491B53F49B00C42BFC /* MKAnnotationView+WebCache.m in Sources */,
				F7E0B34C1B53F49B00C42BFC /* SDWebImageCompat.m in Sources */,
				F7E0B3751B555D4500C42BFC /* Model2.m in Sources */,
				F7E0B3201B53BBD900C42BFC /* GameTableViewCell.m in Sources */,
				F7E0B3231B53C0E800C42BFC /* Model.m in Sources */,
				F7E0B3541B53F49B00C42BFC /* UIImage+MultiFormat.m in Sources */,
				F7E0B3561B53F49B00C42BFC /* UIImageView+HighlightedWebCache.m in Sources */,
				F7E0B3531B53F49B00C42BFC /* UIImage+GIF.m in Sources */,
			);
			runOnlyForDeploymentPostprocessing = 0;
		};
		F7E0B3071B53B49C00C42BFC /* Sources */ = {
			isa = PBXSourcesBuildPhase;
			buildActionMask = 2147483647;
			files = (
				F7E0B3121B53B49C00C42BFC /* ____Tests.m in Sources */,
			);
			runOnlyForDeploymentPostprocessing = 0;
		};
/* End PBXSourcesBuildPhase section */

/* Begin PBXTargetDependency section */
		F7E0B30D1B53B49C00C42BFC /* PBXTargetDependency */ = {
			isa = PBXTargetDependency;
			target = F7E0B2F51B53B49C00C42BFC /* 项目界面 */;
			targetProxy = F7E0B30C1B53B49C00C42BFC /* PBXContainerItemProxy */;
		};
/* End PBXTargetDependency section */

/* Begin PBXVariantGroup section */
		F7E0B3041B53B49C00C42BFC /* LaunchScreen.xib */ = {
			isa = PBXVariantGroup;
			children = (
				F7E0B3051B53B49C00C42BFC /* Base */,
			);
			name = LaunchScreen.xib;
			sourceTree = "<group>";
		};
/* End PBXVariantGroup section */

/* Begin XCBuildConfiguration section */
		F7E0B3131B53B49C00C42BFC /* Debug */ = {
			isa = XCBuildConfiguration;
			buildSettings = {
				ALWAYS_SEARCH_USER_PATHS = NO;
				CLANG_CXX_LANGUAGE_STANDARD = "gnu++0x";
				CLANG_CXX_LIBRARY = "libc++";
				CLANG_ENABLE_MODULES = YES;
				CLANG_ENABLE_OBJC_ARC = NO;
				CLANG_WARN_BOOL_CONVERSION = YES;
				CLANG_WARN_CONSTANT_CONVERSION = YES;
				CLANG_WARN_DIRECT_OBJC_ISA_USAGE = YES_ERROR;
				CLANG_WARN_EMPTY_BODY = YES;
				CLANG_WARN_ENUM_CONVERSION = YES;
				CLANG_WARN_INT_CONVERSION = YES;
				CLANG_WARN_OBJC_ROOT_CLASS = YES_ERROR;
				CLANG_WARN_UNREACHABLE_CODE = YES;
				CLANG_WARN__DUPLICATE_METHOD_MATCH = YES;
				"CODE_SIGN_IDENTITY[sdk=iphoneos*]" = "iPhone Developer";
				COPY_PHASE_STRIP = NO;
				DEBUG_INFORMATION_FORMAT = "dwarf-with-dsym";
				ENABLE_STRICT_OBJC_MSGSEND = YES;
				GCC_C_LANGUAGE_STANDARD = gnu99;
				GCC_DYNAMIC_NO_PIC = NO;
				GCC_NO_COMMON_BLOCKS = YES;
				GCC_OPTIMIZATION_LEVEL = 0;
				GCC_PREPROCESSOR_DEFINITIONS = (
					"DEBUG=1",
					"$(inherited)",
				);
				GCC_SYMBOLS_PRIVATE_EXTERN = NO;
				GCC_WARN_64_TO_32_BIT_CONVERSION = YES;
				GCC_WARN_ABOUT_RETURN_TYPE = YES_ERROR;
				GCC_WARN_UNDECLARED_SELECTOR = YES;
				GCC_WARN_UNINITIALIZED_AUTOS = YES_AGGRESSIVE;
				GCC_WARN_UNUSED_FUNCTION = YES;
				GCC_WARN_UNUSED_VARIABLE = YES;
				IPHONEOS_DEPLOYMENT_TARGET = 8.4;
				MTL_ENABLE_DEBUG_INFO = YES;
				ONLY_ACTIVE_ARCH = YES;
				SDKROOT = iphoneos;
				TARGETED_DEVICE_FAMILY = "1,2";
			};
			name = Debug;
		};
		F7E0B3141B53B49C00C42BFC /* Release */ = {
			isa = XCBuildConfiguration;
			buildSettings = {
				ALWAYS_SEARCH_USER_PATHS = NO;
				CLANG_CXX_LANGUAGE_STANDARD = "gnu++0x";
				CLANG_CXX_LIBRARY = "libc++";
				CLANG_ENABLE_MODULES = YES;
				CLANG_ENABLE_OBJC_ARC = NO;
				CLANG_WARN_BOOL_CONVERSION = YES;
				CLANG_WARN_CONSTANT_CONVERSION = YES;
				CLANG_WARN_DIRECT_OBJC_ISA_USAGE = YES_ERROR;
				CLANG_WARN_EMPTY_BODY = YES;
				CLANG_WARN_ENUM_CONVERSION = YES;
				CLANG_WARN_INT_CONVERSION = YES;
				CLANG_WARN_OBJC_ROOT_CLASS = YES_ERROR;
				CLANG_WARN_UNREACHABLE_CODE = YES;
				CLANG_WARN__DUPLICATE_METHOD_MATCH = YES;
				"CODE_SIGN_IDENTITY[sdk=iphoneos*]" = "iPhone Developer";
				COPY_PHASE_STRIP = NO;
				DEBUG_INFORMATION_FORMAT = "dwarf-with-dsym";
				ENABLE_NS_ASSERTIONS = NO;
				ENABLE_STRICT_OBJC_MSGSEND = YES;
				GCC_C_LANGUAGE_STANDARD = gnu99;
				GCC_NO_COMMON_BLOCKS = YES;
				GCC_WARN_64_TO_32_BIT_CONVERSION = YES;
				GCC_WARN_ABOUT_RETURN_TYPE = YES_ERROR;
				GCC_WARN_UNDECLARED_SELECTOR = YES;
				GCC_WARN_UNINITIALIZED_AUTOS = YES_AGGRESSIVE;
				GCC_WARN_UNUSED_FUNCTION = YES;
				GCC_WARN_UNUSED_VARIABLE = YES;
				IPHONEOS_DEPLOYMENT_TARGET = 8.4;
				MTL_ENABLE_DEBUG_INFO = NO;
				SDKROOT = iphoneos;
				TARGETED_DEVICE_FAMILY = "1,2";
				VALIDATE_PRODUCT = YES;
			};
			name = Release;
		};
		F7E0B3161B53B49C00C42BFC /* Debug */ = {
			isa = XCBuildConfiguration;
			buildSettings = {
				ASSETCATALOG_COMPILER_APPICON_NAME = AppIcon;
				INFOPLIST_FILE = "项目界面/Info.plist";
				LD_RUNPATH_SEARCH_PATHS = "$(inherited) @executable_path/Frameworks";
				PRODUCT_NAME = "$(TARGET_NAME)";
			};
			name = Debug;
		};
		F7E0B3171B53B49C00C42BFC /* Release */ = {
			isa = XCBuildConfiguration;
			buildSettings = {
				ASSETCATALOG_COMPILER_APPICON_NAME = AppIcon;
				INFOPLIST_FILE = "项目界面/Info.plist";
				LD_RUNPATH_SEARCH_PATHS = "$(inherited) @executable_path/Frameworks";
				PRODUCT_NAME = "$(TARGET_NAME)";
			};
			name = Release;
		};
		F7E0B3191B53B49C00C42BFC /* Debug */ = {
			isa = XCBuildConfiguration;
			buildSettings = {
				BUNDLE_LOADER = "$(TEST_HOST)";
				FRAMEWORK_SEARCH_PATHS = (
					"$(SDKROOT)/Developer/Library/Frameworks",
					"$(inherited)",
				);
				GCC_PREPROCESSOR_DEFINITIONS = (
					"DEBUG=1",
					"$(inherited)",
				);
				INFOPLIST_FILE = "项目界面Tests/Info.plist";
				LD_RUNPATH_SEARCH_PATHS = "$(inherited) @executable_path/Frameworks @loader_path/Frameworks";
				PRODUCT_NAME = "$(TARGET_NAME)";
				TEST_HOST = "$(BUILT_PRODUCTS_DIR)/项目界面.app/项目界面";
			};
			name = Debug;
		};
		F7E0B31A1B53B49C00C42BFC /* Release */ = {
			isa = XCBuildConfiguration;
			buildSettings = {
				BUNDLE_LOADER = "$(TEST_HOST)";
				FRAMEWORK_SEARCH_PATHS = (
					"$(SDKROOT)/Developer/Library/Frameworks",
					"$(inherited)",
				);
				INFOPLIST_FILE = "项目界面Tests/Info.plist";
				LD_RUNPATH_SEARCH_PATHS = "$(inherited) @executable_path/Frameworks @loader_path/Frameworks";
				PRODUCT_NAME = "$(TARGET_NAME)";
				TEST_HOST = "$(BUILT_PRODUCTS_DIR)/项目界面.app/项目界面";
			};
			name = Release;
		};
/* End XCBuildConfiguration section */

/* Begin XCConfigurationList section */
		F7E0B2F11B53B49C00C42BFC /* Build configuration list for PBXProject "项目界面" */ = {
			isa = XCConfigurationList;
			buildConfigurations = (
				F7E0B3131B53B49C00C42BFC /* Debug */,
				F7E0B3141B53B49C00C42BFC /* Release */,
			);
			defaultConfigurationIsVisible = 0;
			defaultConfigurationName = Release;
		};
		F7E0B3151B53B49C00C42BFC /* Build configuration list for PBXNativeTarget "项目界面" */ = {
			isa = XCConfigurationList;
			buildConfigurations = (
				F7E0B3161B53B49C00C42BFC /* Debug */,
				F7E0B3171B53B49C00C42BFC /* Release */,
			);
			defaultConfigurationIsVisible = 0;
		};
		F7E0B3181B53B49C00C42BFC /* Build configuration list for PBXNativeTarget "项目界面Tests" */ = {
			isa = XCConfigurationList;
			buildConfigurations = (
				F7E0B3191B53B49C00C42BFC /* Debug */,
				F7E0B31A1B53B49C00C42BFC /* Release */,
			);
			defaultConfigurationIsVisible = 0;
		};
/* End XCConfigurationList section */
	};
	rootObject = F7E0B2EE1B53B49C00C42BFC /* Project object */;
}
